# This file is generated by `zrail update`; do not edit by hand.
schema = 1
semantics = 2
producer = "0.0.2"
contract_sha256 = "52e6e3081ab26a7a3881754135cd3a3143d9794baea278c8f535f7477cc1ce7b"
ratchet = []

[[package]]
name = "bytebudget"
dependency = []

[[gate]]
name = "check"
path = "zcheck.toml"
sha256 = "8441c534de299bd5a81eb69b4972f20d584ce80188cb16b478828554eb0c7b61"

[[gate.input]]
path = ".github/workflows/ci.yml"
sha256 = "21da6eaf2f9658b56d7212834318a4face5604dada14d6165556d368343684d4"

[[gate.input]]
path = ".gitignore"
sha256 = "095089503fdbf51c6d38efe4ac401d15331b528d2cbc00122115a3cebbfeb8d0"

[[gate.input]]
path = "Cargo.lock"
sha256 = "8a4e39f8095635e033adeacdf03ed27329f7f270e0b51e295566f9b84bad421c"

[[gate.input]]
path = "Cargo.toml"
sha256 = "24fc6e1bba8823adaf47b3d164a3f1a7c7bc9a415ae87308322138d0e46026aa"

[[gate.input]]
path = "LICENSE"
sha256 = "c71d239df91726fc519c6eb72d318ec65820627232b2f796219e87dcf35d0ab4"

[[gate.input]]
path = "LICENSES/Space-Grotesk-OFL.txt"
sha256 = "18a4de52385f6b988782639d5d0cc1326e5a8c2de9a7f01d7b20d9aedcc60943"

[[gate.input]]
path = "README.md"
sha256 = "224d92c112587f5d20e1d9dabfc2ce4f0eba90fc652c4cd091522e22d747aaf2"

[[gate.input]]
path = "bytebudget-logo.svg"
sha256 = "551517865f76a0130ba0b0d813f8cf72d2a532548bceeb9cc17580de53b43d34"

[[gate.input]]
path = "clippy.toml"
sha256 = "aefb4a84fd7980f98c1d578cdfb01797a0722e75ef36a5fc56bf3c7c5c6b5060"

[[gate.input]]
path = "docs/accounting-contract.md"
sha256 = "a059dcdcf10cf0c0b7f4cf02c3b3460cbb66e42c1df22eb90764e133ba8f6cb5"

[[gate.input]]
path = "docs/qualification.md"
sha256 = "c5c176ca4663c28cfa9a7cc49caa3cf4bdbe60f8f1232938d686f0ba6a585c4a"

[[gate.input]]
path = "docs/retained-charges.md"
sha256 = "27363b367434ab89375be5bb62e3669a682ce8d97521e3525ea948aba293936c"

[[gate.input]]
path = "rust-toolchain.toml"
sha256 = "1ebbb3253f07961f28a5ea091de6858942b0170d4b848f0fd73c368c69768a8d"

[[gate.input]]
path = "rustfmt.toml"
sha256 = "1a6ed065924c2ceb91429e392d1eef49d95487be9d047ce707a8782fbd07dad4"

[[gate.input]]
path = "smoke/package-lock.json"
sha256 = "117d5dc44387e320e3ef8d7d5fd9bb6757cfd28b46dbef0260ecd07fe681ce5b"

[[gate.input]]
path = "smoke/package.json"
sha256 = "1ddc57cda323f4f70c916727b58b954b22a523d0ea267396fe29c3fd4af6219d"

[[gate.input]]
path = "smoke/package.smoke.ts"
sha256 = "f139ee62a250687a7123c715ea899c7396968f77bbb0a7acba5f1c3bdc3ed43d"

[[gate.input]]
path = "smoke/tsconfig.json"
sha256 = "5db32f2c0b442453ba8f4c35f4455d43b9e28517dbe00d51b7d922b9fa7b1205"

[[gate]]
name = "ci"
path = ".github/workflows/ci.yml"
sha256 = "21da6eaf2f9658b56d7212834318a4face5604dada14d6165556d368343684d4"

[[gate.input]]
path = "rust-toolchain.toml"
sha256 = "1ebbb3253f07961f28a5ea091de6858942b0170d4b848f0fd73c368c69768a8d"
