# This file is generated by `zrail update`; do not edit by hand.
schema = 1
semantics = 2
producer = "0.0.2"
contract_sha256 = "04c105de57813b06c01899f3e6a8e7a451979835291f6f9f0bc6b3865f70cc8a"
ratchet = []

[[package]]
name = "bytebudget"
dependency = []

[[gate]]
name = "check"
path = "zcheck.toml"
sha256 = "024887100ad9f3c1081274c3c306815e1e5fb2accfc2f87bc6897fea775662be"

[[gate.input]]
path = ".github/workflows/ci.yml"
sha256 = "21da6eaf2f9658b56d7212834318a4face5604dada14d6165556d368343684d4"

[[gate.input]]
path = ".gitignore"
sha256 = "095089503fdbf51c6d38efe4ac401d15331b528d2cbc00122115a3cebbfeb8d0"

[[gate.input]]
path = "Cargo.lock"
sha256 = "8a4e39f8095635e033adeacdf03ed27329f7f270e0b51e295566f9b84bad421c"

[[gate.input]]
path = "Cargo.toml"
sha256 = "bc14c60a8ec37072edeec23cf0600ca81f82c101618a587dd2b69bde87e4fb80"

[[gate.input]]
path = "LICENSE"
sha256 = "c71d239df91726fc519c6eb72d318ec65820627232b2f796219e87dcf35d0ab4"

[[gate.input]]
path = "LICENSES/Space-Grotesk-OFL.txt"
sha256 = "18a4de52385f6b988782639d5d0cc1326e5a8c2de9a7f01d7b20d9aedcc60943"

[[gate.input]]
path = "README.md"
sha256 = "3d3e7dd62f451b5bf08f6820cef3bd704952836ec8184f875023b6dc814927ec"

[[gate.input]]
path = "bytebudget-logo.svg"
sha256 = "551517865f76a0130ba0b0d813f8cf72d2a532548bceeb9cc17580de53b43d34"

[[gate.input]]
path = "clippy.toml"
sha256 = "aefb4a84fd7980f98c1d578cdfb01797a0722e75ef36a5fc56bf3c7c5c6b5060"

[[gate.input]]
path = "rust-toolchain.toml"
sha256 = "1ebbb3253f07961f28a5ea091de6858942b0170d4b848f0fd73c368c69768a8d"

[[gate.input]]
path = "rustfmt.toml"
sha256 = "1a6ed065924c2ceb91429e392d1eef49d95487be9d047ce707a8782fbd07dad4"

[[gate.input]]
path = "smoke/package-lock.json"
sha256 = "117d5dc44387e320e3ef8d7d5fd9bb6757cfd28b46dbef0260ecd07fe681ce5b"

[[gate.input]]
path = "smoke/package.json"
sha256 = "1ddc57cda323f4f70c916727b58b954b22a523d0ea267396fe29c3fd4af6219d"

[[gate.input]]
path = "smoke/package.smoke.ts"
sha256 = "73a1ca1343e55bf472bd89fdc6cbef077dcdafafaa5200aadc87f522aa7d19a5"

[[gate.input]]
path = "smoke/tsconfig.json"
sha256 = "5db32f2c0b442453ba8f4c35f4455d43b9e28517dbe00d51b7d922b9fa7b1205"

[[gate]]
name = "ci"
path = ".github/workflows/ci.yml"
sha256 = "21da6eaf2f9658b56d7212834318a4face5604dada14d6165556d368343684d4"

[[gate.input]]
path = "rust-toolchain.toml"
sha256 = "1ebbb3253f07961f28a5ea091de6858942b0170d4b848f0fd73c368c69768a8d"
